// !$*UTF8*$!
{
	archiveVersion = 1;
	classes = {
	};
	objectVersion = 46;
	objects = {

/* Begin PBXBuildFile section */
		88885E801B4EE9290023C0B7 /* AppDelegate.swift in Sources */ = {isa = PBXBuildFile; fileRef = 88885E7F1B4EE9290023C0B7 /* AppDelegate.swift */; };
		88885E821B4EE9290023C0B7 /* ViewController.swift in Sources */ = {isa = PBXBuildFile; fileRef = 88885E811B4EE9290023C0B7 /* ViewController.swift */; };
		88885E851B4EE9290023C0B7 /* Main.storyboard in Resources */ = {isa = PBXBuildFile; fileRef = 88885E831B4EE9290023C0B7 /* Main.storyboard */; };
		88885E871B4EE9290023C0B7 /* Images.xcassets in Resources */ = {isa = PBXBuildFile; fileRef = 88885E861B4EE9290023C0B7 /* Images.xcassets */; };
		88885E8A1B4EE9290023C0B7 /* LaunchScreen.xib in Resources */ = {isa = PBXBuildFile; fileRef = 88885E881B4EE9290023C0B7 /* LaunchScreen.xib */; };
		88885E961B4EE9290023C0B7 /* SpotTests.swift in Sources */ = {isa = PBXBuildFile; fileRef = 88885E951B4EE9290023C0B7 /* SpotTests.swift */; };
/* End PBXBuildFile section */

/* Begin PBXContainerItemProxy section */
		88885E901B4EE9290023C0B7 /* PBXContainerItemProxy */ = {
			isa = PBXContainerItemProxy;
			containerPortal = 88885E721B4EE9290023C0B7 /* Project object */;
			proxyType = 1;
			remoteGlobalIDString = 88885E791B4EE9290023C0B7;
			remoteInfo = Spot;
		};
/* End PBXContainerItemProxy section */

/* Begin PBXFileReference section */
		88885E7A1B4EE9290023C0B7 /* Spot.app */ = {isa = PBXFileReference; explicitFileType = wrapper.application; includeInIndex = 0; path = Spot.app; sourceTree = BUILT_PRODUCTS_DIR; };
		88885E7E1B4EE9290023C0B7 /* Info.plist */ = {isa = PBXFileReference; lastKnownFileType = text.plist.xml; path = Info.plist; sourceTree = "<group>"; };
		88885E7F1B4EE9290023C0B7 /* AppDelegate.swift */ = {isa = PBXFileReference; lastKnownFileType = sourcecode.swift; path = AppDelegate.swift; sourceTree = "<group>"; };
		88885E811B4EE9290023C0B7 /* ViewController.swift */ = {isa = PBXFileReference; lastKnownFileType = sourcecode.swift; path = ViewController.swift; sourceTree = "<group>"; };
		88885E841B4EE9290023C0B7 /* Base */ = {isa = PBXFileReference; lastKnownFileType = file.storyboard; name = Base; path = Base.lproj/Main.storyboard; sourceTree = "<group>"; };
		88885E861B4EE9290023C0B7 /* Images.xcassets */ = {isa = PBXFileReference; lastKnownFileType = folder.assetcatalog; path = Images.xcassets; sourceTree = "<group>"; };
		88885E891B4EE9290023C0B7 /* Base */ = {isa = PBXFileReference; lastKnownFileType = file.xib; name = Base; path = Base.lproj/LaunchScreen.xib; sourceTree = "<group>"; };
		88885E8F1B4EE9290023C0B7 /* SpotTests.xctest */ = {isa = PBXFileReference; explicitFileType = wrapper.cfbundle; includeInIndex = 0; path = SpotTests.xctest; sourceTree = BUILT_PRODUCTS_DIR; };
		88885E941B4EE9290023C0B7 /* Info.plist */ = {isa = PBXFileReference; lastKnownFileType = text.plist.xml; path = Info.plist; sourceTree = "<group>"; };
		88885E951B4EE9290023C0B7 /* SpotTests.swift */ = {isa = PBXFileReference; lastKnownFileType = sourcecode.swift; path = SpotTests.swift; sourceTree = "<group>"; };
/* End PBXFileReference section */

/* Begin PBXFrameworksBuildPhase section */
		88885E771B4EE9290023C0B7 /* Frameworks */ = {
			isa = PBXFrameworksBuildPhase;
			buildActionMask = 2147483647;
			files = (
			);
			runOnlyForDeploymentPostprocessing = 0;
		};
		88885E8C1B4EE9290023C0B7 /* Frameworks */ = {
			isa = PBXFrameworksBuildPhase;
			buildActionMask = 2147483647;
			files = (
			);
			runOnlyForDeploymentPostprocessing = 0;
		};
/* End PBXFrameworksBuildPhase section */

/* Begin PBXGroup section */
		88885E711B4EE9290023C0B7 = {
			isa = PBXGroup;
			children = (
				88885E7C1B4EE9290023C0B7 /* Spot */,
				88885E921B4EE9290023C0B7 /* SpotTests */,
				88885E7B1B4EE9290023C0B7 /* Products */,
			);
			sourceTree = "<group>";
		};
		88885E7B1B4EE9290023C0B7 /* Products */ = {
			isa = PBXGroup;
			children = (
				88885E7A1B4EE9290023C0B7 /* Spot.app */,
				88885E8F1B4EE9290023C0B7 /* SpotTests.xctest */,
			);
			name = Products;
			sourceTree = "<group>";
		};
		88885E7C1B4EE9290023C0B7 /* Spot */ = {
			isa = PBXGroup;
			children = (
				88885E7F1B4EE9290023C0B7 /* AppDelegate.swift */,
				88885E811B4EE9290023C0B7 /* ViewController.swift */,
				88885E831B4EE9290023C0B7 /* Main.storyboard */,
				88885E861B4EE9290023C0B7 /* Images.xcassets */,
				88885E881B4EE9290023C0B7 /* LaunchScreen.xib */,
				88885E7D1B4EE9290023C0B7 /* Supporting Files */,
			);
			path = Spot;
			sourceTree = "<group>";
		};
		88885E7D1B4EE9290023C0B7 /* Supporting Files */ = {
			isa = PBXGroup;
			children = (
				88885E7E1B4EE9290023C0B7 /* Info.plist */,
			);
			name = "Supporting Files";
			sourceTree = "<group>";
		};
		88885E921B4EE9290023C0B7 /* SpotTests */ = {
			isa = PBXGroup;
			children = (
				88885E951B4EE9290023C0B7 /* SpotTests.swift */,
				88885E931B4EE9290023C0B7 /* Supporting Files */,
			);
			path = SpotTests;
			sourceTree = "<group>";
		};
		88885E931B4EE9290023C0B7 /* Supporting Files */ = {
			isa = PBXGroup;
			children = (
				88885E941B4EE9290023C0B7 /* Info.plist */,
			);
			name = "Supporting Files";
			sourceTree = "<group>";
		};
/* End PBXGroup section */

/* Begin PBXNativeTarget section */
		88885E791B4EE9290023C0B7 /* Spot */ = {
			isa = PBXNativeTarget;
			buildConfigurationList = 88885E991B4EE9290023C0B7 /* Build configuration list for PBXNativeTarget "Spot" */;
			buildPhases = (
				88885E761B4EE9290023C0B7 /* Sources */,
				88885E771B4EE9290023C0B7 /* Frameworks */,
				88885E781B4EE9290023C0B7 /* Resources */,
			);
			buildRules = (
			);
			dependencies = (
			);
			name = Spot;
			productName = Spot;
			productReference = 88885E7A1B4EE9290023C0B7 /* Spot.app */;
			productType = "com.apple.product-type.application";
		};
		88885E8E1B4EE9290023C0B7 /* SpotTests */ = {
			isa = PBXNativeTarget;
			buildConfigurationList = 88885E9C1B4EE9290023C0B7 /* Build configuration list for PBXNativeTarget "SpotTests" */;
			buildPhases = (
				88885E8B1B4EE9290023C0B7 /* Sources */,
				88885E8C1B4EE9290023C0B7 /* Frameworks */,
				88885E8D1B4EE9290023C0B7 /* Resources */,
			);
			buildRules = (
			);
			dependencies = (
				88885E911B4EE9290023C0B7 /* PBXTargetDependency */,
			);
			name = SpotTests;
			productName = SpotTests;
			productReference = 88885E8F1B4EE9290023C0B7 /* SpotTests.xctest */;
			productType = "com.apple.product-type.bundle.unit-test";
		};
/* End PBXNativeTarget section */

/* Begin PBXProject section */
		88885E721B4EE9290023C0B7 /* Project object */ = {
			isa = PBXProject;
			attributes = {
				LastUpgradeCheck = 0640;
				ORGANIZATIONNAME = "Giuliano Giacaglia";
				TargetAttributes = {
					88885E791B4EE9290023C0B7 = {
						CreatedOnToolsVersion = 6.4;
					};
					88885E8E1B4EE9290023C0B7 = {
						CreatedOnToolsVersion = 6.4;
						TestTargetID = 88885E791B4EE9290023C0B7;
					};
				};
			};
			buildConfigurationList = 88885E751B4EE9290023C0B7 /* Build configuration list for PBXProject "Spot" */;
			compatibilityVersion = "Xcode 3.2";
			developmentRegion = English;
			hasScannedForEncodings = 0;
			knownRegions = (
				en,
				Base,
			);
			mainGroup = 88885E711B4EE9290023C0B7;
			productRefGroup = 88885E7B1B4EE9290023C0B7 /* Products */;
			projectDirPath = "";
			projectRoot = "";
			targets = (
				88885E791B4EE9290023C0B7 /* Spot */,
				88885E8E1B4EE9290023C0B7 /* SpotTests */,
			);
		};
/* End PBXProject section */

/* Begin PBXResourcesBuildPhase section */
		88885E781B4EE9290023C0B7 /* Resources */ = {
			isa = PBXResourcesBuildPhase;
			buildActionMask = 2147483647;
			files = (
				88885E851B4EE9290023C0B7 /* Main.storyboard in Resources */,
				88885E8A1B4EE9290023C0B7 /* LaunchScreen.xib in Resources */,
				88885E871B4EE9290023C0B7 /* Images.xcassets in Resources */,
			);
			runOnlyForDeploymentPostprocessing = 0;
		};
		88885E8D1B4EE9290023C0B7 /* Resources */ = {
			isa = PBXResourcesBuildPhase;
			buildActionMask = 2147483647;
			files = (
			);
			runOnlyForDeploymentPostprocessing = 0;
		};
/* End PBXResourcesBuildPhase section */

/* Begin PBXSourcesBuildPhase section */
		88885E761B4EE9290023C0B7 /* Sources */ = {
			isa = PBXSourcesBuildPhase;
			buildActionMask = 2147483647;
			files = (
				88885E821B4EE9290023C0B7 /* ViewController.swift in Sources */,
				88885E801B4EE9290023C0B7 /* AppDelegate.swift in Sources */,
			);
			runOnlyForDeploymentPostprocessing = 0;
		};
		88885E8B1B4EE9290023C0B7 /* Sources */ = {
			isa = PBXSourcesBuildPhase;
			buildActionMask = 2147483647;
			files = (
				88885E961B4EE9290023C0B7 /* SpotTests.swift in Sources */,
			);
			runOnlyForDeploymentPostprocessing = 0;
		};
/* End PBXSourcesBuildPhase section */

/* Begin PBXTargetDependency section */
		88885E911B4EE9290023C0B7 /* PBXTargetDependency */ = {
			isa = PBXTargetDependency;
			target = 88885E791B4EE9290023C0B7 /* Spot */;
			targetProxy = 88885E901B4EE9290023C0B7 /* PBXContainerItemProxy */;
		};
/* End PBXTargetDependency section */

/* Begin PBXVariantGroup section */
		88885E831B4EE9290023C0B7 /* Main.storyboard */ = {
			isa = PBXVariantGroup;
			children = (
				88885E841B4EE9290023C0B7 /* Base */,
			);
			name = Main.storyboard;
			sourceTree = "<group>";
		};
		88885E881B4EE9290023C0B7 /* LaunchScreen.xib */ = {
			isa = PBXVariantGroup;
			children = (
				88885E891B4EE9290023C0B7 /* Base */,
			);
			name = LaunchScreen.xib;
			sourceTree = "<group>";
		};
/* End PBXVariantGroup section */

/* Begin XCBuildConfiguration section */
		88885E971B4EE9290023C0B7 /* Debug */ = {
			isa = XCBuildConfiguration;
			buildSettings = {
				ALWAYS_SEARCH_USER_PATHS = NO;
				CLANG_CXX_LANGUAGE_STANDARD = "gnu++0x";
				CLANG_CXX_LIBRARY = "libc++";
				CLANG_ENABLE_MODULES = YES;
				CLANG_ENABLE_OBJC_ARC = YES;
				CLANG_WARN_BOOL_CONVERSION = YES;
				CLANG_WARN_CONSTANT_CONVERSION = YES;
				CLANG_WARN_DIRECT_OBJC_ISA_USAGE = YES_ERROR;
				CLANG_WARN_EMPTY_BODY = YES;
				CLANG_WARN_ENUM_CONVERSION = YES;
				CLANG_WARN_INT_CONVERSION = YES;
				CLANG_WARN_OBJC_ROOT_CLASS = YES_ERROR;
				CLANG_WARN_UNREACHABLE_CODE = YES;
				CLANG_WARN__DUPLICATE_METHOD_MATCH = YES;
				"CODE_SIGN_IDENTITY[sdk=iphoneos*]" = "iPhone Developer";
				COPY_PHASE_STRIP = NO;
				DEBUG_INFORMATION_FORMAT = "dwarf-with-dsym";
				ENABLE_STRICT_OBJC_MSGSEND = YES;
				GCC_C_LANGUAGE_STANDARD = gnu99;
				GCC_DYNAMIC_NO_PIC = NO;
				GCC_NO_COMMON_BLOCKS = YES;
				GCC_OPTIMIZATION_LEVEL = 0;
				GCC_PREPROCESSOR_DEFINITIONS = (
					"DEBUG=1",
					"$(inherited)",
				);
				GCC_SYMBOLS_PRIVATE_EXTERN = NO;
				GCC_WARN_64_TO_32_BIT_CONVERSION = YES;
				GCC_WARN_ABOUT_RETURN_TYPE = YES_ERROR;
				GCC_WARN_UNDECLARED_SELECTOR = YES;
				GCC_WARN_UNINITIALIZED_AUTOS = YES_AGGRESSIVE;
				GCC_WARN_UNUSED_FUNCTION = YES;
				GCC_WARN_UNUSED_VARIABLE = YES;
				IPHONEOS_DEPLOYMENT_TARGET = 8.4;
				MTL_ENABLE_DEBUG_INFO = YES;
				ONLY_ACTIVE_ARCH = YES;
				SDKROOT = iphoneos;
				SWIFT_OPTIMIZATION_LEVEL = "-Onone";
				TARGETED_DEVICE_FAMILY = "1,2";
			};
			name = Debug;
		};
		88885E981B4EE9290023C0B7 /* Release */ = {
			isa = XCBuildConfiguration;
			buildSettings = {
				ALWAYS_SEARCH_USER_PATHS = NO;
				CLANG_CXX_LANGUAGE_STANDARD = "gnu++0x";
				CLANG_CXX_LIBRARY = "libc++";
				CLANG_ENABLE_MODULES = YES;
				CLANG_ENABLE_OBJC_ARC = YES;
				CLANG_WARN_BOOL_CONVERSION = YES;
				CLANG_WARN_CONSTANT_CONVERSION = YES;
				CLANG_WARN_DIRECT_OBJC_ISA_USAGE = YES_ERROR;
				CLANG_WARN_EMPTY_BODY = YES;
				CLANG_WARN_ENUM_CONVERSION = YES;
				CLANG_WARN_INT_CONVERSION = YES;
				CLANG_WARN_OBJC_ROOT_CLASS = YES_ERROR;
				CLANG_WARN_UNREACHABLE_CODE = YES;
				CLANG_WARN__DUPLICATE_METHOD_MATCH = YES;
				"CODE_SIGN_IDENTITY[sdk=iphoneos*]" = "iPhone Developer";
				COPY_PHASE_STRIP = NO;
				DEBUG_INFORMATION_FORMAT = "dwarf-with-dsym";
				ENABLE_NS_ASSERTIONS = NO;
				ENABLE_STRICT_OBJC_MSGSEND = YES;
				GCC_C_LANGUAGE_STANDARD = gnu99;
				GCC_NO_COMMON_BLOCKS = YES;
				GCC_WARN_64_TO_32_BIT_CONVERSION = YES;
				GCC_WARN_ABOUT_RETURN_TYPE = YES_ERROR;
				GCC_WARN_UNDECLARED_SELECTOR = YES;
				GCC_WARN_UNINITIALIZED_AUTOS = YES_AGGRESSIVE;
				GCC_WARN_UNUSED_FUNCTION = YES;
				GCC_WARN_UNUSED_VARIABLE = YES;
				IPHONEOS_DEPLOYMENT_TARGET = 8.4;
				MTL_ENABLE_DEBUG_INFO = NO;
				SDKROOT = iphoneos;
				TARGETED_DEVICE_FAMILY = "1,2";
				VALIDATE_PRODUCT = YES;
			};
			name = Release;
		};
		88885E9A1B4EE9290023C0B7 /* Debug */ = {
			isa = XCBuildConfiguration;
			buildSettings = {
				ASSETCATALOG_COMPILER_APPICON_NAME = AppIcon;
				INFOPLIST_FILE = Spot/Info.plist;
				LD_RUNPATH_SEARCH_PATHS = "$(inherited) @executable_path/Frameworks";
				PRODUCT_NAME = "$(TARGET_NAME)";
			};
			name = Debug;
		};
		88885E9B1B4EE9290023C0B7 /* Release */ = {
			isa = XCBuildConfiguration;
			buildSettings = {
				ASSETCATALOG_COMPILER_APPICON_NAME = AppIcon;
				INFOPLIST_FILE = Spot/Info.plist;
				LD_RUNPATH_SEARCH_PATHS = "$(inherited) @executable_path/Frameworks";
				PRODUCT_NAME = "$(TARGET_NAME)";
			};
			name = Release;
		};
		88885E9D1B4EE9290023C0B7 /* Debug */ = {
			isa = XCBuildConfiguration;
			buildSettings = {
				BUNDLE_LOADER = "$(TEST_HOST)";
				FRAMEWORK_SEARCH_PATHS = (
					"$(SDKROOT)/Developer/Library/Frameworks",
					"$(inherited)",
				);
				GCC_PREPROCESSOR_DEFINITIONS = (
					"DEBUG=1",
					"$(inherited)",
				);
				INFOPLIST_FILE = SpotTests/Info.plist;
				LD_RUNPATH_SEARCH_PATHS = "$(inherited) @executable_path/Frameworks @loader_path/Frameworks";
				PRODUCT_NAME = "$(TARGET_NAME)";
				TEST_HOST = "$(BUILT_PRODUCTS_DIR)/Spot.app/Spot";
			};
			name = Debug;
		};
		88885E9E1B4EE9290023C0B7 /* Release */ = {
			isa = XCBuildConfiguration;
			buildSettings = {
				BUNDLE_LOADER = "$(TEST_HOST)";
				FRAMEWORK_SEARCH_PATHS = (
					"$(SDKROOT)/Developer/Library/Frameworks",
					"$(inherited)",
				);
				INFOPLIST_FILE = SpotTests/Info.plist;
				LD_RUNPATH_SEARCH_PATHS = "$(inherited) @executable_path/Frameworks @loader_path/Frameworks";
				PRODUCT_NAME = "$(TARGET_NAME)";
				TEST_HOST = "$(BUILT_PRODUCTS_DIR)/Spot.app/Spot";
			};
			name = Release;
		};
/* End XCBuildConfiguration section */

/* Begin XCConfigurationList section */
		88885E751B4EE9290023C0B7 /* Build configuration list for PBXProject "Spot" */ = {
			isa = XCConfigurationList;
			buildConfigurations = (
				88885E971B4EE9290023C0B7 /* Debug */,
				88885E981B4EE9290023C0B7 /* Release */,
			);
			defaultConfigurationIsVisible = 0;
			defaultConfigurationName = Release;
		};
		88885E991B4EE9290023C0B7 /* Build configuration list for PBXNativeTarget "Spot" */ = {
			isa = XCConfigurationList;
			buildConfigurations = (
				88885E9A1B4EE9290023C0B7 /* Debug */,
				88885E9B1B4EE9290023C0B7 /* Release */,
			);
			defaultConfigurationIsVisible = 0;
		};
		88885E9C1B4EE9290023C0B7 /* Build configuration list for PBXNativeTarget "SpotTests" */ = {
			isa = XCConfigurationList;
			buildConfigurations = (
				88885E9D1B4EE9290023C0B7 /* Debug */,
				88885E9E1B4EE9290023C0B7 /* Release */,
			);
			defaultConfigurationIsVisible = 0;
		};
/* End XCConfigurationList section */
	};
	rootObject = 88885E721B4EE9290023C0B7 /* Project object */;
}
